
Microsoft Visual Studio Solution File, Format Version 12.00
# Visual Studio Version 16
VisualStudioVersion = 16.0.30406.217
MinimumVisualStudioVersion = 10.0.40219.1
Project("{FAE04EC0-301F-11D3-BF4B-00C04F79EFBC}") = "WindowsFormsApp1", "WindowsFormsApp1.csproj", "{57D1AC8E-D87C-40B3-9B63-8729DB83A2F5}"
EndProject
Global
	GlobalSection(SolutionConfigurationPlatforms) = preSolution
		Debug|Any CPU = Debug|Any CPU
		Release|Any CPU = Release|Any CPU
	EndGlobalSection
	GlobalSection(ProjectConfigurationPlatforms) = postSolution
		{57D1AC8E-D87C-40B3-9B63-8729DB83A2F5}.Debug|Any CPU.ActiveCfg = Debug|Any CPU
		{57D1AC8E-D87C-40B3-9B63-8729DB83A2F5}.Debug|Any CPU.Build.0 = Debug|Any CPU
		{57D1AC8E-D87C-40B3-9B63-8729DB83A2F5}.Release|Any CPU.ActiveCfg = Release|Any CPU
		{57D1AC8E-D87C-40B3-9B63-8729DB83A2F5}.Release|Any CPU.Build.0 = Release|Any CPU
	EndGlobalSection
	GlobalSection(SolutionProperties) = preSolution
		HideSolutionNode = FALSE
	EndGlobalSection
	GlobalSection(ExtensibilityGlobals) = postSolution
		SolutionGuid = {1D5CE496-C5BE-48FF-8A47-908445751755}
	EndGlobalSection
EndGlobal
